<?xml version="1.0" encoding="utf-8"?>
<Project ToolsVersion="4.0" xmlns="http://schemas.microsoft.com/developer/msbuild/2003">
  <ItemGroup>
    <ClCompile Include="PreCompiled.cpp" />
    <ClCompile Include="GameServerMain.cpp" />
    <ClCompile Include="Player\Player.cpp">
      <Filter>Player</Filter>
    </ClCompile>
    <ClCompile Include="Session\ClientSession.cpp">
      <Filter>Session</Filter>
    </ClCompile>
    <ClCompile Include="Session\ClientAcceptor.cpp">
      <Filter>Session</Filter>
    </ClCompile>
    <ClCompile Include="Dispatcher\GameDispatcher.cpp">
      <Filter>Dispatcher</Filter>
    </ClCompile>
    <ClCompile Include="PacketProc\PacketProc.cpp">
      <Filter>PacketProc</Filter>
    </ClCompile>
    <ClCompile Include="Player\PlayerContainer.cpp">
      <Filter>Player</Filter>
    </ClCompile>
    <ClCompile Include="GameTick\GameTick.cpp">
      <Filter>GameTick</Filter>
    </ClCompile>
  </ItemGroup>
  <ItemGroup>
    <Filter Include="Player">
      <UniqueIdentifier>{42ba0a52-dc84-45de-b93e-d38ebdaf6dbb}</UniqueIdentifier>
    </Filter>
    <Filter Include="Session">
      <UniqueIdentifier>{fd3f5386-8fbf-4835-9676-97fb2783d41c}</UniqueIdentifier>
    </Filter>
    <Filter Include="Dispatcher">
      <UniqueIdentifier>{cbe9b2f4-9e4a-4fce-9a1b-4eec9a92c9a3}</UniqueIdentifier>
    </Filter>
    <Filter Include="PacketProc">
      <UniqueIdentifier>{fc6b0fd6-bd94-458d-8cd3-1224eb0b1d6f}</UniqueIdentifier>
    </Filter>
    <Filter Include="GameTick">
      <UniqueIdentifier>{43f39399-be6e-4295-b5ab-188d6ef61ab3}</UniqueIdentifier>
    </Filter>
  </ItemGroup>
  <ItemGroup>
    <ClInclude Include="PreCompiled.h" />
    <ClInclude Include="Player\Player.h">
      <Filter>Player</Filter>
    </ClInclude>
    <ClInclude Include="Session\ClientSession.h">
      <Filter>Session</Filter>
    </ClInclude>
    <ClInclude Include="Session\ClientAcceptor.h">
      <Filter>Session</Filter>
    </ClInclude>
    <ClInclude Include="Dispatcher\GameDispatcher.h">
      <Filter>Dispatcher</Filter>
    </ClInclude>
    <ClInclude Include="PacketProc\PacketProc.h">
      <Filter>PacketProc</Filter>
    </ClInclude>
    <ClInclude Include="Player\PlayerContainer.h">
      <Filter>Player</Filter>
    </ClInclude>
    <ClInclude Include="GameTick\GameTick.h">
      <Filter>GameTick</Filter>
    </ClInclude>
  </ItemGroup>
</Project>